
Microsoft Visual Studio Solution File, Format Version 12.00
# Visual Studio Version 17
VisualStudioVersion = 17.7.34009.444
MinimumVisualStudioVersion = 10.0.40219.1
Project("{FAE04EC0-301F-11D3-BF4B-00C04F79EFBC}") = "GST calculator", "GST calculator.csproj", "{840C22EF-C68D-41A8-93A8-3A33441588BC}"
EndProject
Global
	GlobalSection(SolutionConfigurationPlatforms) = preSolution
		Debug|Any CPU = Debug|Any CPU
		Release|Any CPU = Release|Any CPU
	EndGlobalSection
	GlobalSection(ProjectConfigurationPlatforms) = postSolution
		{840C22EF-C68D-41A8-93A8-3A33441588BC}.Debug|Any CPU.ActiveCfg = Debug|Any CPU
		{840C22EF-C68D-41A8-93A8-3A33441588BC}.Debug|Any CPU.Build.0 = Debug|Any CPU
		{840C22EF-C68D-41A8-93A8-3A33441588BC}.Release|Any CPU.ActiveCfg = Release|Any CPU
		{840C22EF-C68D-41A8-93A8-3A33441588BC}.Release|Any CPU.Build.0 = Release|Any CPU
	EndGlobalSection
	GlobalSection(SolutionProperties) = preSolution
		HideSolutionNode = FALSE
	EndGlobalSection
	GlobalSection(ExtensibilityGlobals) = postSolution
		SolutionGuid = {BBC0D762-658D-4DD2-87B5-9F406EFD6F39}
	EndGlobalSection
EndGlobal
